{
  "requires": true,
  "lockfileVersion": 1,
  "dependencies": {
    "jquery": {
      "version": "3.3.1",
      "resolved": "https://registry.npmjs.org/jquery/-/jquery-3.3.1.tgz",
      "integrity": "sha512-Ubldcmxp5np52/ENotGxlLe6aGMvmF4R8S6tZjsP6Knsaxd/xp3Zrh50cG93lR6nPXyUFwzN3ZSOQI0wRJNdGg=="
    },
    "jquery-bar-rating": {
      "version": "1.2.2",
      "resolved": "https://registry.npmjs.org/jquery-bar-rating/-/jquery-bar-rating-1.2.2.tgz",
      "integrity": "sha1-lZTWYs/53rD+ezclEbskkqQ285I=",
      "requires": {
        "jquery": ">=1.7.2"
      }
    }
  }
}
